
Microsoft Visual Studio Solution File, Format Version 12.00
# Visual Studio Version 17
VisualStudioVersion = 17.7.34221.43
MinimumVisualStudioVersion = 10.0.40219.1
Project("{9A19103F-16F7-4668-BE54-9A1E7A4F7556}") = "App", "App\App.csproj", "{515B7F8A-EF6E-49DA-98DF-CE8412588B12}"
EndProject
Project("{FAE04EC0-301F-11D3-BF4B-00C04F79EFBC}") = "Client", "Client\Client.csproj", "{D4A1DA4A-95BB-4BED-8A8A-A5195481008D}"
EndProject
Global
	GlobalSection(SolutionConfigurationPlatforms) = preSolution
		Debug|Any CPU = Debug|Any CPU
		Release|Any CPU = Release|Any CPU
	EndGlobalSection
	GlobalSection(ProjectConfigurationPlatforms) = postSolution
		{515B7F8A-EF6E-49DA-98DF-CE8412588B12}.Debug|Any CPU.ActiveCfg = Debug|Any CPU
		{515B7F8A-EF6E-49DA-98DF-CE8412588B12}.Debug|Any CPU.Build.0 = Debug|Any CPU
		{515B7F8A-EF6E-49DA-98DF-CE8412588B12}.Release|Any CPU.ActiveCfg = Release|Any CPU
		{515B7F8A-EF6E-49DA-98DF-CE8412588B12}.Release|Any CPU.Build.0 = Release|Any CPU
		{D4A1DA4A-95BB-4BED-8A8A-A5195481008D}.Debug|Any CPU.ActiveCfg = Debug|Any CPU
		{D4A1DA4A-95BB-4BED-8A8A-A5195481008D}.Debug|Any CPU.Build.0 = Debug|Any CPU
		{D4A1DA4A-95BB-4BED-8A8A-A5195481008D}.Release|Any CPU.ActiveCfg = Release|Any CPU
		{D4A1DA4A-95BB-4BED-8A8A-A5195481008D}.Release|Any CPU.Build.0 = Release|Any CPU
	EndGlobalSection
	GlobalSection(SolutionProperties) = preSolution
		HideSolutionNode = FALSE
	EndGlobalSection
	GlobalSection(ExtensibilityGlobals) = postSolution
		SolutionGuid = {61BDDA58-73F1-434F-B3DA-B6641635C9AF}
	EndGlobalSection
EndGlobal
